
Microsoft Visual Studio Solution File, Format Version 12.00
# Visual Studio Version 17
VisualStudioVersion = 17.2.32519.379
MinimumVisualStudioVersion = 10.0.40219.1
Project("{FAE04EC0-301F-11D3-BF4B-00C04F79EFBC}") = "lesson12", "lesson12\lesson12.csproj", "{1F4328C1-91E3-4224-BC5D-EFA5D4AA50B9}"
EndProject
Project("{FAE04EC0-301F-11D3-BF4B-00C04F79EFBC}") = "lesson12_2", "lesson12_2\lesson12_2.csproj", "{8B3CE694-CD67-46AB-8481-6D7AD2B71978}"
EndProject
Global
	GlobalSection(SolutionConfigurationPlatforms) = preSolution
		Debug|Any CPU = Debug|Any CPU
		Release|Any CPU = Release|Any CPU
	EndGlobalSection
	GlobalSection(ProjectConfigurationPlatforms) = postSolution
		{1F4328C1-91E3-4224-BC5D-EFA5D4AA50B9}.Debug|Any CPU.ActiveCfg = Debug|Any CPU
		{1F4328C1-91E3-4224-BC5D-EFA5D4AA50B9}.Debug|Any CPU.Build.0 = Debug|Any CPU
		{1F4328C1-91E3-4224-BC5D-EFA5D4AA50B9}.Release|Any CPU.ActiveCfg = Release|Any CPU
		{1F4328C1-91E3-4224-BC5D-EFA5D4AA50B9}.Release|Any CPU.Build.0 = Release|Any CPU
		{8B3CE694-CD67-46AB-8481-6D7AD2B71978}.Debug|Any CPU.ActiveCfg = Debug|Any CPU
		{8B3CE694-CD67-46AB-8481-6D7AD2B71978}.Debug|Any CPU.Build.0 = Debug|Any CPU
		{8B3CE694-CD67-46AB-8481-6D7AD2B71978}.Release|Any CPU.ActiveCfg = Release|Any CPU
		{8B3CE694-CD67-46AB-8481-6D7AD2B71978}.Release|Any CPU.Build.0 = Release|Any CPU
	EndGlobalSection
	GlobalSection(SolutionProperties) = preSolution
		HideSolutionNode = FALSE
	EndGlobalSection
	GlobalSection(ExtensibilityGlobals) = postSolution
		SolutionGuid = {1BA3B904-13CC-4B78-8772-D03ED3BE6DF9}
	EndGlobalSection
EndGlobal
